// !$*UTF8*$!
{
	archiveVersion = 1;
	classes = {
	};
	objectVersion = 48;
	objects = {

/* Begin PBXBuildFile section */
		B5983A022140465E00C7A694 /* SKCategories.m in Sources */ = {isa = PBXBuildFile; fileRef = B5983A012140465E00C7A694 /* SKCategories.m */; };
		B5983A032140465E00C7A694 /* SKCategories.h in CopyFiles */ = {isa = PBXBuildFile; fileRef = B5983A002140465E00C7A694 /* SKCategories.h */; };
		B5983A122140490000C7A694 /* NSString+Additions.m in Sources */ = {isa = PBXBuildFile; fileRef = B5983A112140490000C7A694 /* NSString+Additions.m */; };
		B5983A1521404F8A00C7A694 /* NSBundle+Additions.m in Sources */ = {isa = PBXBuildFile; fileRef = B5983A1421404F8A00C7A694 /* NSBundle+Additions.m */; };
		B5983A182140502D00C7A694 /* NSObject+Additions.m in Sources */ = {isa = PBXBuildFile; fileRef = B5983A172140502D00C7A694 /* NSObject+Additions.m */; };
		B5983A1B214052EF00C7A694 /* UIActionSheet+Additions.m in Sources */ = {isa = PBXBuildFile; fileRef = B5983A1A214052EF00C7A694 /* UIActionSheet+Additions.m */; };
		B5983A1E2140549600C7A694 /* UIAlertView+Additions.m in Sources */ = {isa = PBXBuildFile; fileRef = B5983A1D2140549600C7A694 /* UIAlertView+Additions.m */; };
		B5983A21214058A000C7A694 /* UIColor+Additions.m in Sources */ = {isa = PBXBuildFile; fileRef = B5983A20214058A000C7A694 /* UIColor+Additions.m */; };
		B5983A242140595900C7A694 /* UIImage+Additions.m in Sources */ = {isa = PBXBuildFile; fileRef = B5983A232140595900C7A694 /* UIImage+Additions.m */; };
/* End PBXBuildFile section */

/* Begin PBXCopyFilesBuildPhase section */
		B59839FB2140465E00C7A694 /* CopyFiles */ = {
			isa = PBXCopyFilesBuildPhase;
			buildActionMask = 2147483647;
			dstPath = "include/$(PRODUCT_NAME)";
			dstSubfolderSpec = 16;
			files = (
				B5983A032140465E00C7A694 /* SKCategories.h in CopyFiles */,
			);
			runOnlyForDeploymentPostprocessing = 0;
		};
/* End PBXCopyFilesBuildPhase section */

/* Begin PBXFileReference section */
		B59839FD2140465E00C7A694 /* libSKCategories.a */ = {isa = PBXFileReference; explicitFileType = archive.ar; includeInIndex = 0; path = libSKCategories.a; sourceTree = BUILT_PRODUCTS_DIR; };
		B5983A002140465E00C7A694 /* SKCategories.h */ = {isa = PBXFileReference; lastKnownFileType = sourcecode.c.h; path = SKCategories.h; sourceTree = "<group>"; };
		B5983A012140465E00C7A694 /* SKCategories.m */ = {isa = PBXFileReference; lastKnownFileType = sourcecode.c.objc; path = SKCategories.m; sourceTree = "<group>"; };
		B5983A102140490000C7A694 /* NSString+Additions.h */ = {isa = PBXFileReference; lastKnownFileType = sourcecode.c.h; path = "NSString+Additions.h"; sourceTree = "<group>"; };
		B5983A112140490000C7A694 /* NSString+Additions.m */ = {isa = PBXFileReference; lastKnownFileType = sourcecode.c.objc; path = "NSString+Additions.m"; sourceTree = "<group>"; };
		B5983A1321404F8A00C7A694 /* NSBundle+Additions.h */ = {isa = PBXFileReference; lastKnownFileType = sourcecode.c.h; path = "NSBundle+Additions.h"; sourceTree = "<group>"; };
		B5983A1421404F8A00C7A694 /* NSBundle+Additions.m */ = {isa = PBXFileReference; lastKnownFileType = sourcecode.c.objc; path = "NSBundle+Additions.m"; sourceTree = "<group>"; };
		B5983A162140502D00C7A694 /* NSObject+Additions.h */ = {isa = PBXFileReference; lastKnownFileType = sourcecode.c.h; path = "NSObject+Additions.h"; sourceTree = "<group>"; };
		B5983A172140502D00C7A694 /* NSObject+Additions.m */ = {isa = PBXFileReference; lastKnownFileType = sourcecode.c.objc; path = "NSObject+Additions.m"; sourceTree = "<group>"; };
		B5983A19214052EF00C7A694 /* UIActionSheet+Additions.h */ = {isa = PBXFileReference; lastKnownFileType = sourcecode.c.h; path = "UIActionSheet+Additions.h"; sourceTree = "<group>"; };
		B5983A1A214052EF00C7A694 /* UIActionSheet+Additions.m */ = {isa = PBXFileReference; lastKnownFileType = sourcecode.c.objc; path = "UIActionSheet+Additions.m"; sourceTree = "<group>"; };
		B5983A1C2140549600C7A694 /* UIAlertView+Additions.h */ = {isa = PBXFileReference; lastKnownFileType = sourcecode.c.h; path = "UIAlertView+Additions.h"; sourceTree = "<group>"; };
		B5983A1D2140549600C7A694 /* UIAlertView+Additions.m */ = {isa = PBXFileReference; lastKnownFileType = sourcecode.c.objc; path = "UIAlertView+Additions.m"; sourceTree = "<group>"; };
		B5983A1F214058A000C7A694 /* UIColor+Additions.h */ = {isa = PBXFileReference; lastKnownFileType = sourcecode.c.h; path = "UIColor+Additions.h"; sourceTree = "<group>"; };
		B5983A20214058A000C7A694 /* UIColor+Additions.m */ = {isa = PBXFileReference; lastKnownFileType = sourcecode.c.objc; path = "UIColor+Additions.m"; sourceTree = "<group>"; };
		B5983A222140595900C7A694 /* UIImage+Additions.h */ = {isa = PBXFileReference; lastKnownFileType = sourcecode.c.h; path = "UIImage+Additions.h"; sourceTree = "<group>"; };
		B5983A232140595900C7A694 /* UIImage+Additions.m */ = {isa = PBXFileReference; lastKnownFileType = sourcecode.c.objc; path = "UIImage+Additions.m"; sourceTree = "<group>"; };
/* End PBXFileReference section */

/* Begin PBXFrameworksBuildPhase section */
		B59839FA2140465E00C7A694 /* Frameworks */ = {
			isa = PBXFrameworksBuildPhase;
			buildActionMask = 2147483647;
			files = (
			);
			runOnlyForDeploymentPostprocessing = 0;
		};
/* End PBXFrameworksBuildPhase section */

/* Begin PBXGroup section */
		B59839F42140465E00C7A694 = {
			isa = PBXGroup;
			children = (
				B59839FF2140465E00C7A694 /* SKCategories */,
				B59839FE2140465E00C7A694 /* Products */,
			);
			sourceTree = "<group>";
		};
		B59839FE2140465E00C7A694 /* Products */ = {
			isa = PBXGroup;
			children = (
				B59839FD2140465E00C7A694 /* libSKCategories.a */,
			);
			name = Products;
			sourceTree = "<group>";
		};
		B59839FF2140465E00C7A694 /* SKCategories */ = {
			isa = PBXGroup;
			children = (
				B5983A002140465E00C7A694 /* SKCategories.h */,
				B5983A012140465E00C7A694 /* SKCategories.m */,
				B5983A102140490000C7A694 /* NSString+Additions.h */,
				B5983A112140490000C7A694 /* NSString+Additions.m */,
				B5983A1321404F8A00C7A694 /* NSBundle+Additions.h */,
				B5983A1421404F8A00C7A694 /* NSBundle+Additions.m */,
				B5983A162140502D00C7A694 /* NSObject+Additions.h */,
				B5983A172140502D00C7A694 /* NSObject+Additions.m */,
				B5983A19214052EF00C7A694 /* UIActionSheet+Additions.h */,
				B5983A1A214052EF00C7A694 /* UIActionSheet+Additions.m */,
				B5983A1C2140549600C7A694 /* UIAlertView+Additions.h */,
				B5983A1D2140549600C7A694 /* UIAlertView+Additions.m */,
				B5983A1F214058A000C7A694 /* UIColor+Additions.h */,
				B5983A20214058A000C7A694 /* UIColor+Additions.m */,
				B5983A222140595900C7A694 /* UIImage+Additions.h */,
				B5983A232140595900C7A694 /* UIImage+Additions.m */,
			);
			path = SKCategories;
			sourceTree = "<group>";
		};
/* End PBXGroup section */

/* Begin PBXNativeTarget section */
		B59839FC2140465E00C7A694 /* SKCategories */ = {
			isa = PBXNativeTarget;
			buildConfigurationList = B5983A062140465E00C7A694 /* Build configuration list for PBXNativeTarget "SKCategories" */;
			buildPhases = (
				B59839F92140465E00C7A694 /* Sources */,
				B59839FA2140465E00C7A694 /* Frameworks */,
				B59839FB2140465E00C7A694 /* CopyFiles */,
			);
			buildRules = (
			);
			dependencies = (
			);
			name = SKCategories;
			productName = SKCategories;
			productReference = B59839FD2140465E00C7A694 /* libSKCategories.a */;
			productType = "com.apple.product-type.library.static";
		};
/* End PBXNativeTarget section */

/* Begin PBXProject section */
		B59839F52140465E00C7A694 /* Project object */ = {
			isa = PBXProject;
			attributes = {
				LastUpgradeCheck = 0920;
				ORGANIZATIONNAME = "Soaurabh Kakkar";
				TargetAttributes = {
					B59839FC2140465E00C7A694 = {
						CreatedOnToolsVersion = 9.2;
						ProvisioningStyle = Automatic;
					};
				};
			};
			buildConfigurationList = B59839F82140465E00C7A694 /* Build configuration list for PBXProject "SKCategories" */;
			compatibilityVersion = "Xcode 8.0";
			developmentRegion = en;
			hasScannedForEncodings = 0;
			knownRegions = (
				en,
			);
			mainGroup = B59839F42140465E00C7A694;
			productRefGroup = B59839FE2140465E00C7A694 /* Products */;
			projectDirPath = "";
			projectRoot = "";
			targets = (
				B59839FC2140465E00C7A694 /* SKCategories */,
			);
		};
/* End PBXProject section */

/* Begin PBXSourcesBuildPhase section */
		B59839F92140465E00C7A694 /* Sources */ = {
			isa = PBXSourcesBuildPhase;
			buildActionMask = 2147483647;
			files = (
				B5983A1B214052EF00C7A694 /* UIActionSheet+Additions.m in Sources */,
				B5983A242140595900C7A694 /* UIImage+Additions.m in Sources */,
				B5983A21214058A000C7A694 /* UIColor+Additions.m in Sources */,
				B5983A022140465E00C7A694 /* SKCategories.m in Sources */,
				B5983A182140502D00C7A694 /* NSObject+Additions.m in Sources */,
				B5983A1E2140549600C7A694 /* UIAlertView+Additions.m in Sources */,
				B5983A1521404F8A00C7A694 /* NSBundle+Additions.m in Sources */,
				B5983A122140490000C7A694 /* NSString+Additions.m in Sources */,
			);
			runOnlyForDeploymentPostprocessing = 0;
		};
/* End PBXSourcesBuildPhase section */

/* Begin XCBuildConfiguration section */
		B5983A042140465E00C7A694 /* Debug */ = {
			isa = XCBuildConfiguration;
			buildSettings = {
				ALWAYS_SEARCH_USER_PATHS = NO;
				CLANG_ANALYZER_NONNULL = YES;
				CLANG_ANALYZER_NUMBER_OBJECT_CONVERSION = YES_AGGRESSIVE;
				CLANG_CXX_LANGUAGE_STANDARD = "gnu++14";
				CLANG_CXX_LIBRARY = "libc++";
				CLANG_ENABLE_MODULES = YES;
				CLANG_ENABLE_OBJC_ARC = YES;
				CLANG_WARN_BLOCK_CAPTURE_AUTORELEASING = YES;
				CLANG_WARN_BOOL_CONVERSION = YES;
				CLANG_WARN_COMMA = YES;
				CLANG_WARN_CONSTANT_CONVERSION = YES;
				CLANG_WARN_DIRECT_OBJC_ISA_USAGE = YES_ERROR;
				CLANG_WARN_DOCUMENTATION_COMMENTS = YES;
				CLANG_WARN_EMPTY_BODY = YES;
				CLANG_WARN_ENUM_CONVERSION = YES;
				CLANG_WARN_INFINITE_RECURSION = YES;
				CLANG_WARN_INT_CONVERSION = YES;
				CLANG_WARN_NON_LITERAL_NULL_CONVERSION = YES;
				CLANG_WARN_OBJC_LITERAL_CONVERSION = YES;
				CLANG_WARN_OBJC_ROOT_CLASS = YES_ERROR;
				CLANG_WARN_RANGE_LOOP_ANALYSIS = YES;
				CLANG_WARN_STRICT_PROTOTYPES = YES;
				CLANG_WARN_SUSPICIOUS_MOVE = YES;
				CLANG_WARN_UNGUARDED_AVAILABILITY = YES_AGGRESSIVE;
				CLANG_WARN_UNREACHABLE_CODE = YES;
				CLANG_WARN__DUPLICATE_METHOD_MATCH = YES;
				CODE_SIGN_IDENTITY = "iPhone Developer";
				COPY_PHASE_STRIP = NO;
				DEBUG_INFORMATION_FORMAT = dwarf;
				ENABLE_STRICT_OBJC_MSGSEND = YES;
				ENABLE_TESTABILITY = YES;
				GCC_C_LANGUAGE_STANDARD = gnu11;
				GCC_DYNAMIC_NO_PIC = NO;
				GCC_NO_COMMON_BLOCKS = YES;
				GCC_OPTIMIZATION_LEVEL = 0;
				GCC_PREPROCESSOR_DEFINITIONS = (
					"DEBUG=1",
					"$(inherited)",
				);
				GCC_WARN_64_TO_32_BIT_CONVERSION = YES;
				GCC_WARN_ABOUT_RETURN_TYPE = YES_ERROR;
				GCC_WARN_UNDECLARED_SELECTOR = YES;
				GCC_WARN_UNINITIALIZED_AUTOS = YES_AGGRESSIVE;
				GCC_WARN_UNUSED_FUNCTION = YES;
				GCC_WARN_UNUSED_VARIABLE = YES;
				IPHONEOS_DEPLOYMENT_TARGET = 11.2;
				MTL_ENABLE_DEBUG_INFO = YES;
				ONLY_ACTIVE_ARCH = YES;
				SDKROOT = iphoneos;
			};
			name = Debug;
		};
		B5983A052140465E00C7A694 /* Release */ = {
			isa = XCBuildConfiguration;
			buildSettings = {
				ALWAYS_SEARCH_USER_PATHS = NO;
				CLANG_ANALYZER_NONNULL = YES;
				CLANG_ANALYZER_NUMBER_OBJECT_CONVERSION = YES_AGGRESSIVE;
				CLANG_CXX_LANGUAGE_STANDARD = "gnu++14";
				CLANG_CXX_LIBRARY = "libc++";
				CLANG_ENABLE_MODULES = YES;
				CLANG_ENABLE_OBJC_ARC = YES;
				CLANG_WARN_BLOCK_CAPTURE_AUTORELEASING = YES;
				CLANG_WARN_BOOL_CONVERSION = YES;
				CLANG_WARN_COMMA = YES;
				CLANG_WARN_CONSTANT_CONVERSION = YES;
				CLANG_WARN_DIRECT_OBJC_ISA_USAGE = YES_ERROR;
				CLANG_WARN_DOCUMENTATION_COMMENTS = YES;
				CLANG_WARN_EMPTY_BODY = YES;
				CLANG_WARN_ENUM_CONVERSION = YES;
				CLANG_WARN_INFINITE_RECURSION = YES;
				CLANG_WARN_INT_CONVERSION = YES;
				CLANG_WARN_NON_LITERAL_NULL_CONVERSION = YES;
				CLANG_WARN_OBJC_LITERAL_CONVERSION = YES;
				CLANG_WARN_OBJC_ROOT_CLASS = YES_ERROR;
				CLANG_WARN_RANGE_LOOP_ANALYSIS = YES;
				CLANG_WARN_STRICT_PROTOTYPES = YES;
				CLANG_WARN_SUSPICIOUS_MOVE = YES;
				CLANG_WARN_UNGUARDED_AVAILABILITY = YES_AGGRESSIVE;
				CLANG_WARN_UNREACHABLE_CODE = YES;
				CLANG_WARN__DUPLICATE_METHOD_MATCH = YES;
				CODE_SIGN_IDENTITY = "iPhone Developer";
				COPY_PHASE_STRIP = NO;
				DEBUG_INFORMATION_FORMAT = "dwarf-with-dsym";
				ENABLE_NS_ASSERTIONS = NO;
				ENABLE_STRICT_OBJC_MSGSEND = YES;
				GCC_C_LANGUAGE_STANDARD = gnu11;
				GCC_NO_COMMON_BLOCKS = YES;
				GCC_WARN_64_TO_32_BIT_CONVERSION = YES;
				GCC_WARN_ABOUT_RETURN_TYPE = YES_ERROR;
				GCC_WARN_UNDECLARED_SELECTOR = YES;
				GCC_WARN_UNINITIALIZED_AUTOS = YES_AGGRESSIVE;
				GCC_WARN_UNUSED_FUNCTION = YES;
				GCC_WARN_UNUSED_VARIABLE = YES;
				IPHONEOS_DEPLOYMENT_TARGET = 11.2;
				MTL_ENABLE_DEBUG_INFO = NO;
				SDKROOT = iphoneos;
				VALIDATE_PRODUCT = YES;
			};
			name = Release;
		};
		B5983A072140465E00C7A694 /* Debug */ = {
			isa = XCBuildConfiguration;
			buildSettings = {
				CODE_SIGN_STYLE = Automatic;
				OTHER_LDFLAGS = "-ObjC";
				PRODUCT_NAME = "$(TARGET_NAME)";
				SKIP_INSTALL = YES;
				TARGETED_DEVICE_FAMILY = "1,2";
			};
			name = Debug;
		};
		B5983A082140465E00C7A694 /* Release */ = {
			isa = XCBuildConfiguration;
			buildSettings = {
				CODE_SIGN_STYLE = Automatic;
				OTHER_LDFLAGS = "-ObjC";
				PRODUCT_NAME = "$(TARGET_NAME)";
				SKIP_INSTALL = YES;
				TARGETED_DEVICE_FAMILY = "1,2";
			};
			name = Release;
		};
/* End XCBuildConfiguration section */

/* Begin XCConfigurationList section */
		B59839F82140465E00C7A694 /* Build configuration list for PBXProject "SKCategories" */ = {
			isa = XCConfigurationList;
			buildConfigurations = (
				B5983A042140465E00C7A694 /* Debug */,
				B5983A052140465E00C7A694 /* Release */,
			);
			defaultConfigurationIsVisible = 0;
			defaultConfigurationName = Release;
		};
		B5983A062140465E00C7A694 /* Build configuration list for PBXNativeTarget "SKCategories" */ = {
			isa = XCConfigurationList;
			buildConfigurations = (
				B5983A072140465E00C7A694 /* Debug */,
				B5983A082140465E00C7A694 /* Release */,
			);
			defaultConfigurationIsVisible = 0;
			defaultConfigurationName = Release;
		};
/* End XCConfigurationList section */
	};
	rootObject = B59839F52140465E00C7A694 /* Project object */;
}
